{
  "name": "test",
  "lockfileVersion": 2,
  "requires": true,
  "packages": {
    "": {
      "dependencies": {
        "ankhtaroth-frame-print": "^1.0.1"
      }
    },
    "node_modules/ankhtaroth-frame-print": {
      "version": "1.0.1",
      "resolved": "https://registry.npmjs.org/ankhtaroth-frame-print/-/ankhtaroth-frame-print-1.0.1.tgz",
      "integrity": "sha512-u0PHUlU3mU5kvv0vOnnAN03eCjBOusl+c+xQL2x9zpHdYLp9r89CUiuh1IN36ZyiPQOoSXnzFYD31T0O0TMhpA=="
    }
  },
  "dependencies": {
    "ankhtaroth-frame-print": {
      "version": "1.0.1",
      "resolved": "https://registry.npmjs.org/ankhtaroth-frame-print/-/ankhtaroth-frame-print-1.0.1.tgz",
      "integrity": "sha512-u0PHUlU3mU5kvv0vOnnAN03eCjBOusl+c+xQL2x9zpHdYLp9r89CUiuh1IN36ZyiPQOoSXnzFYD31T0O0TMhpA=="
    }
  }
}
